
Microsoft Visual Studio Solution File, Format Version 12.00
# Visual Studio 15
VisualStudioVersion = 15.0.26730.3
MinimumVisualStudioVersion = 10.0.40219.1
Project("{9A19103F-16F7-4668-BE54-9A1E7A4F7556}") = "WebApp", "WebApp\WebApp.csproj", "{CAC1DEFB-9E8C-484A-8C2E-5717E8C05798}"
EndProject
Project("{9A19103F-16F7-4668-BE54-9A1E7A4F7556}") = "Core", "Core\Core.csproj", "{7CFE6F3C-7DFC-4EC2-9135-7B5A098F6D26}"
EndProject
Project("{9A19103F-16F7-4668-BE54-9A1E7A4F7556}") = "Core.UTest", "Core.UTest\Core.UTest.csproj", "{B1BD304D-4F54-4EF7-97D3-D6925324BB59}"
EndProject
Project("{9A19103F-16F7-4668-BE54-9A1E7A4F7556}") = "Core.Console", "Core.Console\Core.Console.csproj", "{6CAE0C35-90C9-49AC-8895-CD0F465E2C56}"
EndProject
Project("{FAE04EC0-301F-11D3-BF4B-00C04F79EFBC}") = "Common", "Common\Common.csproj", "{EE8BAFF6-1BC9-4C16-B052-9A4AFCC92998}"
EndProject
Global
	GlobalSection(SolutionConfigurationPlatforms) = preSolution
		Debug|Any CPU = Debug|Any CPU
		Release|Any CPU = Release|Any CPU
	EndGlobalSection
	GlobalSection(ProjectConfigurationPlatforms) = postSolution
		{CAC1DEFB-9E8C-484A-8C2E-5717E8C05798}.Debug|Any CPU.ActiveCfg = Debug|Any CPU
		{CAC1DEFB-9E8C-484A-8C2E-5717E8C05798}.Debug|Any CPU.Build.0 = Debug|Any CPU
		{CAC1DEFB-9E8C-484A-8C2E-5717E8C05798}.Release|Any CPU.ActiveCfg = Release|Any CPU
		{CAC1DEFB-9E8C-484A-8C2E-5717E8C05798}.Release|Any CPU.Build.0 = Release|Any CPU
		{7CFE6F3C-7DFC-4EC2-9135-7B5A098F6D26}.Debug|Any CPU.ActiveCfg = Debug|Any CPU
		{7CFE6F3C-7DFC-4EC2-9135-7B5A098F6D26}.Debug|Any CPU.Build.0 = Debug|Any CPU
		{7CFE6F3C-7DFC-4EC2-9135-7B5A098F6D26}.Release|Any CPU.ActiveCfg = Release|Any CPU
		{7CFE6F3C-7DFC-4EC2-9135-7B5A098F6D26}.Release|Any CPU.Build.0 = Release|Any CPU
		{B1BD304D-4F54-4EF7-97D3-D6925324BB59}.Debug|Any CPU.ActiveCfg = Debug|Any CPU
		{B1BD304D-4F54-4EF7-97D3-D6925324BB59}.Debug|Any CPU.Build.0 = Debug|Any CPU
		{B1BD304D-4F54-4EF7-97D3-D6925324BB59}.Release|Any CPU.ActiveCfg = Release|Any CPU
		{B1BD304D-4F54-4EF7-97D3-D6925324BB59}.Release|Any CPU.Build.0 = Release|Any CPU
		{6CAE0C35-90C9-49AC-8895-CD0F465E2C56}.Debug|Any CPU.ActiveCfg = Debug|Any CPU
		{6CAE0C35-90C9-49AC-8895-CD0F465E2C56}.Debug|Any CPU.Build.0 = Debug|Any CPU
		{6CAE0C35-90C9-49AC-8895-CD0F465E2C56}.Release|Any CPU.ActiveCfg = Release|Any CPU
		{6CAE0C35-90C9-49AC-8895-CD0F465E2C56}.Release|Any CPU.Build.0 = Release|Any CPU
		{EE8BAFF6-1BC9-4C16-B052-9A4AFCC92998}.Debug|Any CPU.ActiveCfg = Debug|Any CPU
		{EE8BAFF6-1BC9-4C16-B052-9A4AFCC92998}.Debug|Any CPU.Build.0 = Debug|Any CPU
		{EE8BAFF6-1BC9-4C16-B052-9A4AFCC92998}.Release|Any CPU.ActiveCfg = Release|Any CPU
		{EE8BAFF6-1BC9-4C16-B052-9A4AFCC92998}.Release|Any CPU.Build.0 = Release|Any CPU
	EndGlobalSection
	GlobalSection(SolutionProperties) = preSolution
		HideSolutionNode = FALSE
	EndGlobalSection
	GlobalSection(ExtensibilityGlobals) = postSolution
		SolutionGuid = {56FC9280-6457-4808-9D26-59A036077BA0}
	EndGlobalSection
EndGlobal
